
Microsoft Visual Studio Solution File, Format Version 12.00
# Visual Studio Version 17
VisualStudioVersion = 17.14.36414.22
MinimumVisualStudioVersion = 10.0.40219.1
Project("{FAE04EC0-301F-11D3-BF4B-00C04F79EFBC}") = "ModularHost.Web", "ModularHost.Web\ModularHost.Web.csproj", "{BA0ADD07-D198-40E3-9447-D4032F0234F5}"
EndProject
Global
	GlobalSection(SolutionConfigurationPlatforms) = preSolution
		Debug|Any CPU = Debug|Any CPU
		Debug|x64 = Debug|x64
		Debug|x86 = Debug|x86
		Release|Any CPU = Release|Any CPU
		Release|x64 = Release|x64
		Release|x86 = Release|x86
	EndGlobalSection
	GlobalSection(ProjectConfigurationPlatforms) = postSolution
		{BA0ADD07-D198-40E3-9447-D4032F0234F5}.Debug|Any CPU.ActiveCfg = Debug|Any CPU
		{BA0ADD07-D198-40E3-9447-D4032F0234F5}.Debug|Any CPU.Build.0 = Debug|Any CPU
		{BA0ADD07-D198-40E3-9447-D4032F0234F5}.Debug|x64.ActiveCfg = Debug|Any CPU
		{BA0ADD07-D198-40E3-9447-D4032F0234F5}.Debug|x64.Build.0 = Debug|Any CPU
		{BA0ADD07-D198-40E3-9447-D4032F0234F5}.Debug|x86.ActiveCfg = Debug|Any CPU
		{BA0ADD07-D198-40E3-9447-D4032F0234F5}.Debug|x86.Build.0 = Debug|Any CPU
		{BA0ADD07-D198-40E3-9447-D4032F0234F5}.Release|Any CPU.ActiveCfg = Release|Any CPU
		{BA0ADD07-D198-40E3-9447-D4032F0234F5}.Release|Any CPU.Build.0 = Release|Any CPU
		{BA0ADD07-D198-40E3-9447-D4032F0234F5}.Release|x64.ActiveCfg = Release|Any CPU
		{BA0ADD07-D198-40E3-9447-D4032F0234F5}.Release|x64.Build.0 = Release|Any CPU
		{BA0ADD07-D198-40E3-9447-D4032F0234F5}.Release|x86.ActiveCfg = Release|Any CPU
		{BA0ADD07-D198-40E3-9447-D4032F0234F5}.Release|x86.Build.0 = Release|Any CPU
	EndGlobalSection
	GlobalSection(SolutionProperties) = preSolution
		HideSolutionNode = FALSE
	EndGlobalSection
	GlobalSection(ExtensibilityGlobals) = postSolution
		SolutionGuid = {B059C955-37FF-4D01-BA67-174B1189B63B}
	EndGlobalSection
EndGlobal
